
Microsoft Visual Studio Solution File, Format Version 12.00
# Visual Studio Version 16
VisualStudioVersion = 16.0.29324.140
MinimumVisualStudioVersion = 10.0.40219.1
Project("{FAE04EC0-301F-11D3-BF4B-00C04F79EFBC}") = "Kings", "Kings\Kings.csproj", "{16A2D606-3234-4F85-85C9-FC238725C070}"
EndProject
Global
	GlobalSection(SolutionConfigurationPlatforms) = preSolution
		Debug|Any CPU = Debug|Any CPU
		Release|Any CPU = Release|Any CPU
	EndGlobalSection
	GlobalSection(ProjectConfigurationPlatforms) = postSolution
		{16A2D606-3234-4F85-85C9-FC238725C070}.Debug|Any CPU.ActiveCfg = Debug|Any CPU
		{16A2D606-3234-4F85-85C9-FC238725C070}.Debug|Any CPU.Build.0 = Debug|Any CPU
		{16A2D606-3234-4F85-85C9-FC238725C070}.Release|Any CPU.ActiveCfg = Release|Any CPU
		{16A2D606-3234-4F85-85C9-FC238725C070}.Release|Any CPU.Build.0 = Release|Any CPU
	EndGlobalSection
	GlobalSection(SolutionProperties) = preSolution
		HideSolutionNode = FALSE
	EndGlobalSection
	GlobalSection(ExtensibilityGlobals) = postSolution
		SolutionGuid = {ED57179F-68A2-4AF6-A2B3-C3A99EC4FE1C}
	EndGlobalSection
EndGlobal
